// !$*UTF8*$!
{
	archiveVersion = 1;
	classes = {
	};
	objectVersion = 50;
	objects = {

/* Begin PBXBuildFile section */
		BFC9353E24FBCA5600892E55 /* Assets.xcassets in Resources */ = {isa = PBXBuildFile; fileRef = BFC9353D24FBCA5600892E55 /* Assets.xcassets */; };
		BFC9354624FBECFC00892E55 /* DataProviderService.swift in Sources */ = {isa = PBXBuildFile; fileRef = BFCB227923ED0B74002A2E61 /* DataProviderService.swift */; };
		BFC9354724FBED0000892E55 /* DataFetcher.swift in Sources */ = {isa = PBXBuildFile; fileRef = BFCB225123EB87B3002A2E61 /* DataFetcher.swift */; };
		BFC9354824FBED0300892E55 /* DataFetchProtocol.swift in Sources */ = {isa = PBXBuildFile; fileRef = BFCB227B23ED11C3002A2E61 /* DataFetchProtocol.swift */; };
		BFC9354924FBED0600892E55 /* AppUtils.swift in Sources */ = {isa = PBXBuildFile; fileRef = BFCB229B23EDC139002A2E61 /* AppUtils.swift */; };
		BFC9354A24FBED0C00892E55 /* Main.storyboard in Resources */ = {isa = PBXBuildFile; fileRef = BFCB229F23EE0FEB002A2E61 /* Main.storyboard */; };
		BFC9354B24FBED0F00892E55 /* MainViewController.swift in Sources */ = {isa = PBXBuildFile; fileRef = BFCB229D23EE0F6C002A2E61 /* MainViewController.swift */; };
		BFC9354C24FBED1300892E55 /* DetailArticleViewController.swift in Sources */ = {isa = PBXBuildFile; fileRef = BFCB226B23EC9CCC002A2E61 /* DetailArticleViewController.swift */; };
		BFC9354D24FBED1800892E55 /* DetailArticleViewController.xib in Resources */ = {isa = PBXBuildFile; fileRef = BFCB226A23EC9CCC002A2E61 /* DetailArticleViewController.xib */; };
		BFC9354E24FBED1C00892E55 /* TableViewCell.swift in Sources */ = {isa = PBXBuildFile; fileRef = BFCB224B23EB4C75002A2E61 /* TableViewCell.swift */; };
		BFC9354F24FBED2000892E55 /* TableViewCell.xib in Resources */ = {isa = PBXBuildFile; fileRef = BFCB224C23EB4C75002A2E61 /* TableViewCell.xib */; };
		BFC9355024FBED2300892E55 /* SwiftNews.swift in Sources */ = {isa = PBXBuildFile; fileRef = BFCB224F23EB61DD002A2E61 /* SwiftNews.swift */; };
		BFC9355124FBED2600892E55 /* Constants.swift in Sources */ = {isa = PBXBuildFile; fileRef = BFCB225D23EC7A34002A2E61 /* Constants.swift */; };
		BFC9355224FBED2900892E55 /* RequestError.swift in Sources */ = {isa = PBXBuildFile; fileRef = BFCB227423ECFEC8002A2E61 /* RequestError.swift */; };
		BFC9355324FBED2D00892E55 /* AppDelegate.swift in Sources */ = {isa = PBXBuildFile; fileRef = BFCB222423EB369D002A2E61 /* AppDelegate.swift */; };
		BFC9355424FBED3100892E55 /* LaunchScreen.storyboard in Resources */ = {isa = PBXBuildFile; fileRef = BFCB222F23EB36A1002A2E61 /* LaunchScreen.storyboard */; };
		BFCB222523EB369D002A2E61 /* AppDelegate.swift in Sources */ = {isa = PBXBuildFile; fileRef = BFCB222423EB369D002A2E61 /* AppDelegate.swift */; };
		BFCB222E23EB36A1002A2E61 /* Assets.xcassets in Resources */ = {isa = PBXBuildFile; fileRef = BFCB222D23EB36A1002A2E61 /* Assets.xcassets */; };
		BFCB223123EB36A1002A2E61 /* LaunchScreen.storyboard in Resources */ = {isa = PBXBuildFile; fileRef = BFCB222F23EB36A1002A2E61 /* LaunchScreen.storyboard */; };
		BFCB224D23EB4C75002A2E61 /* TableViewCell.swift in Sources */ = {isa = PBXBuildFile; fileRef = BFCB224B23EB4C75002A2E61 /* TableViewCell.swift */; };
		BFCB224E23EB4C75002A2E61 /* TableViewCell.xib in Resources */ = {isa = PBXBuildFile; fileRef = BFCB224C23EB4C75002A2E61 /* TableViewCell.xib */; };
		BFCB225023EB61DD002A2E61 /* SwiftNews.swift in Sources */ = {isa = PBXBuildFile; fileRef = BFCB224F23EB61DD002A2E61 /* SwiftNews.swift */; };
		BFCB225223EB87B3002A2E61 /* DataFetcher.swift in Sources */ = {isa = PBXBuildFile; fileRef = BFCB225123EB87B3002A2E61 /* DataFetcher.swift */; };
		BFCB225E23EC7A34002A2E61 /* Constants.swift in Sources */ = {isa = PBXBuildFile; fileRef = BFCB225D23EC7A34002A2E61 /* Constants.swift */; };
		BFCB226C23EC9CCC002A2E61 /* DetailArticleViewController.xib in Resources */ = {isa = PBXBuildFile; fileRef = BFCB226A23EC9CCC002A2E61 /* DetailArticleViewController.xib */; };
		BFCB226D23EC9CCC002A2E61 /* DetailArticleViewController.swift in Sources */ = {isa = PBXBuildFile; fileRef = BFCB226B23EC9CCC002A2E61 /* DetailArticleViewController.swift */; };
		BFCB227123ECC34C002A2E61 /* SwiftNewsModelTest.swift in Sources */ = {isa = PBXBuildFile; fileRef = BFCB227023ECC34C002A2E61 /* SwiftNewsModelTest.swift */; };
		BFCB227323ECF798002A2E61 /* MockDataFetcher.swift in Sources */ = {isa = PBXBuildFile; fileRef = BFCB227223ECF798002A2E61 /* MockDataFetcher.swift */; };
		BFCB227523ECFEC8002A2E61 /* RequestError.swift in Sources */ = {isa = PBXBuildFile; fileRef = BFCB227423ECFEC8002A2E61 /* RequestError.swift */; };
		BFCB227A23ED0B74002A2E61 /* DataProviderService.swift in Sources */ = {isa = PBXBuildFile; fileRef = BFCB227923ED0B74002A2E61 /* DataProviderService.swift */; };
		BFCB227C23ED11C3002A2E61 /* DataFetchProtocol.swift in Sources */ = {isa = PBXBuildFile; fileRef = BFCB227B23ED11C3002A2E61 /* DataFetchProtocol.swift */; };
		BFCB227E23ED278F002A2E61 /* DataProviderServiceTest.swift in Sources */ = {isa = PBXBuildFile; fileRef = BFCB227D23ED278E002A2E61 /* DataProviderServiceTest.swift */; };
		BFCB229723EDA64F002A2E61 /* Resources in Resources */ = {isa = PBXBuildFile; fileRef = BFCB229623EDA64F002A2E61 /* Resources */; };
		BFCB229C23EDC13A002A2E61 /* AppUtils.swift in Sources */ = {isa = PBXBuildFile; fileRef = BFCB229B23EDC139002A2E61 /* AppUtils.swift */; };
		BFCB229E23EE0F6C002A2E61 /* MainViewController.swift in Sources */ = {isa = PBXBuildFile; fileRef = BFCB229D23EE0F6C002A2E61 /* MainViewController.swift */; };
		BFCB22A123EE0FEB002A2E61 /* Main.storyboard in Resources */ = {isa = PBXBuildFile; fileRef = BFCB229F23EE0FEB002A2E61 /* Main.storyboard */; };
/* End PBXBuildFile section */

/* Begin PBXContainerItemProxy section */
		BFCB223823EB36A1002A2E61 /* PBXContainerItemProxy */ = {
			isa = PBXContainerItemProxy;
			containerPortal = BFCB221923EB369D002A2E61 /* Project object */;
			proxyType = 1;
			remoteGlobalIDString = BFCB222023EB369D002A2E61;
			remoteInfo = SwiftNewsCrawler;
		};
/* End PBXContainerItemProxy section */

/* Begin PBXFileReference section */
		BFC9353224FBCA5300892E55 /* WhiteLabelTest.app */ = {isa = PBXFileReference; explicitFileType = wrapper.application; includeInIndex = 0; path = WhiteLabelTest.app; sourceTree = BUILT_PRODUCTS_DIR; };
		BFC9353D24FBCA5600892E55 /* Assets.xcassets */ = {isa = PBXFileReference; lastKnownFileType = folder.assetcatalog; path = Assets.xcassets; sourceTree = "<group>"; };
		BFC9354224FBCA5600892E55 /* Info.plist */ = {isa = PBXFileReference; lastKnownFileType = text.plist.xml; path = Info.plist; sourceTree = "<group>"; };
		BFCB222123EB369D002A2E61 /* SwiftNewsCrawler.app */ = {isa = PBXFileReference; explicitFileType = wrapper.application; includeInIndex = 0; path = SwiftNewsCrawler.app; sourceTree = BUILT_PRODUCTS_DIR; };
		BFCB222423EB369D002A2E61 /* AppDelegate.swift */ = {isa = PBXFileReference; lastKnownFileType = sourcecode.swift; path = AppDelegate.swift; sourceTree = "<group>"; };
		BFCB222D23EB36A1002A2E61 /* Assets.xcassets */ = {isa = PBXFileReference; lastKnownFileType = folder.assetcatalog; path = Assets.xcassets; sourceTree = "<group>"; };
		BFCB223023EB36A1002A2E61 /* Base */ = {isa = PBXFileReference; lastKnownFileType = file.storyboard; name = Base; path = Base.lproj/LaunchScreen.storyboard; sourceTree = "<group>"; };
		BFCB223223EB36A1002A2E61 /* Info.plist */ = {isa = PBXFileReference; lastKnownFileType = text.plist.xml; path = Info.plist; sourceTree = "<group>"; };
		BFCB223723EB36A1002A2E61 /* SwiftNewsCrawlerTests.xctest */ = {isa = PBXFileReference; explicitFileType = wrapper.cfbundle; includeInIndex = 0; path = SwiftNewsCrawlerTests.xctest; sourceTree = BUILT_PRODUCTS_DIR; };
		BFCB223D23EB36A1002A2E61 /* Info.plist */ = {isa = PBXFileReference; lastKnownFileType = text.plist.xml; path = Info.plist; sourceTree = "<group>"; };
		BFCB224B23EB4C75002A2E61 /* TableViewCell.swift */ = {isa = PBXFileReference; lastKnownFileType = sourcecode.swift; path = TableViewCell.swift; sourceTree = "<group>"; };
		BFCB224C23EB4C75002A2E61 /* TableViewCell.xib */ = {isa = PBXFileReference; lastKnownFileType = file.xib; path = TableViewCell.xib; sourceTree = "<group>"; };
		BFCB224F23EB61DD002A2E61 /* SwiftNews.swift */ = {isa = PBXFileReference; lastKnownFileType = sourcecode.swift; path = SwiftNews.swift; sourceTree = "<group>"; };
		BFCB225123EB87B3002A2E61 /* DataFetcher.swift */ = {isa = PBXFileReference; lastKnownFileType = sourcecode.swift; path = DataFetcher.swift; sourceTree = "<group>"; };
		BFCB225D23EC7A34002A2E61 /* Constants.swift */ = {isa = PBXFileReference; lastKnownFileType = sourcecode.swift; path = Constants.swift; sourceTree = "<group>"; };
		BFCB226A23EC9CCC002A2E61 /* DetailArticleViewController.xib */ = {isa = PBXFileReference; fileEncoding = 4; lastKnownFileType = file.xib; path = DetailArticleViewController.xib; sourceTree = "<group>"; };
		BFCB226B23EC9CCC002A2E61 /* DetailArticleViewController.swift */ = {isa = PBXFileReference; fileEncoding = 4; lastKnownFileType = sourcecode.swift; path = DetailArticleViewController.swift; sourceTree = "<group>"; };
		BFCB227023ECC34C002A2E61 /* SwiftNewsModelTest.swift */ = {isa = PBXFileReference; lastKnownFileType = sourcecode.swift; path = SwiftNewsModelTest.swift; sourceTree = "<group>"; };
		BFCB227223ECF798002A2E61 /* MockDataFetcher.swift */ = {isa = PBXFileReference; lastKnownFileType = sourcecode.swift; path = MockDataFetcher.swift; sourceTree = "<group>"; };
		BFCB227423ECFEC8002A2E61 /* RequestError.swift */ = {isa = PBXFileReference; lastKnownFileType = sourcecode.swift; path = RequestError.swift; sourceTree = "<group>"; };
		BFCB227923ED0B74002A2E61 /* DataProviderService.swift */ = {isa = PBXFileReference; lastKnownFileType = sourcecode.swift; path = DataProviderService.swift; sourceTree = "<group>"; };
		BFCB227B23ED11C3002A2E61 /* DataFetchProtocol.swift */ = {isa = PBXFileReference; lastKnownFileType = sourcecode.swift; path = DataFetchProtocol.swift; sourceTree = "<group>"; };
		BFCB227D23ED278E002A2E61 /* DataProviderServiceTest.swift */ = {isa = PBXFileReference; lastKnownFileType = sourcecode.swift; path = DataProviderServiceTest.swift; sourceTree = "<group>"; };
		BFCB229623EDA64F002A2E61 /* Resources */ = {isa = PBXFileReference; lastKnownFileType = folder; path = Resources; sourceTree = "<group>"; };
		BFCB229B23EDC139002A2E61 /* AppUtils.swift */ = {isa = PBXFileReference; lastKnownFileType = sourcecode.swift; path = AppUtils.swift; sourceTree = "<group>"; };
		BFCB229D23EE0F6C002A2E61 /* MainViewController.swift */ = {isa = PBXFileReference; fileEncoding = 4; lastKnownFileType = sourcecode.swift; path = MainViewController.swift; sourceTree = "<group>"; };
		BFCB22A023EE0FEB002A2E61 /* Base */ = {isa = PBXFileReference; lastKnownFileType = file.storyboard; name = Base; path = Base.lproj/Main.storyboard; sourceTree = "<group>"; };
/* End PBXFileReference section */

/* Begin PBXFrameworksBuildPhase section */
		BFC9352F24FBCA5300892E55 /* Frameworks */ = {
			isa = PBXFrameworksBuildPhase;
			buildActionMask = 2147483647;
			files = (
			);
			runOnlyForDeploymentPostprocessing = 0;
		};
		BFCB221E23EB369D002A2E61 /* Frameworks */ = {
			isa = PBXFrameworksBuildPhase;
			buildActionMask = 2147483647;
			files = (
			);
			runOnlyForDeploymentPostprocessing = 0;
		};
		BFCB223423EB36A1002A2E61 /* Frameworks */ = {
			isa = PBXFrameworksBuildPhase;
			buildActionMask = 2147483647;
			files = (
			);
			runOnlyForDeploymentPostprocessing = 0;
		};
/* End PBXFrameworksBuildPhase section */

/* Begin PBXGroup section */
		BFC9353324FBCA5300892E55 /* WhiteLabelTest */ = {
			isa = PBXGroup;
			children = (
				BFC9353D24FBCA5600892E55 /* Assets.xcassets */,
				BFC9354224FBCA5600892E55 /* Info.plist */,
			);
			path = WhiteLabelTest;
			sourceTree = "<group>";
		};
		BFCB221823EB369D002A2E61 = {
			isa = PBXGroup;
			children = (
				BFCB222323EB369D002A2E61 /* SwiftNewsCrawler */,
				BFCB223A23EB36A1002A2E61 /* SwiftNewsCrawlerTests */,
				BFC9353324FBCA5300892E55 /* WhiteLabelTest */,
				BFCB222223EB369D002A2E61 /* Products */,
			);
			sourceTree = "<group>";
		};
		BFCB222223EB369D002A2E61 /* Products */ = {
			isa = PBXGroup;
			children = (
				BFCB222123EB369D002A2E61 /* SwiftNewsCrawler.app */,
				BFCB223723EB36A1002A2E61 /* SwiftNewsCrawlerTests.xctest */,
				BFC9353224FBCA5300892E55 /* WhiteLabelTest.app */,
			);
			name = Products;
			sourceTree = "<group>";
		};
		BFCB222323EB369D002A2E61 /* SwiftNewsCrawler */ = {
			isa = PBXGroup;
			children = (
				BFCB22A223EE2C3B002A2E61 /* Services */,
				BFCB229A23EDC126002A2E61 /* Utils */,
				BFCB224823EB462A002A2E61 /* Controllers */,
				BFCB224723EB4620002A2E61 /* Views */,
				BFCB224623EB460E002A2E61 /* Models */,
				BFCB222423EB369D002A2E61 /* AppDelegate.swift */,
				BFCB222D23EB36A1002A2E61 /* Assets.xcassets */,
				BFCB222F23EB36A1002A2E61 /* LaunchScreen.storyboard */,
				BFCB223223EB36A1002A2E61 /* Info.plist */,
			);
			path = SwiftNewsCrawler;
			sourceTree = "<group>";
		};
		BFCB223A23EB36A1002A2E61 /* SwiftNewsCrawlerTests */ = {
			isa = PBXGroup;
			children = (
				BFCB229623EDA64F002A2E61 /* Resources */,
				BFCB223D23EB36A1002A2E61 /* Info.plist */,
				BFCB227023ECC34C002A2E61 /* SwiftNewsModelTest.swift */,
				BFCB227223ECF798002A2E61 /* MockDataFetcher.swift */,
				BFCB227D23ED278E002A2E61 /* DataProviderServiceTest.swift */,
			);
			path = SwiftNewsCrawlerTests;
			sourceTree = "<group>";
		};
		BFCB224623EB460E002A2E61 /* Models */ = {
			isa = PBXGroup;
			children = (
				BFCB224F23EB61DD002A2E61 /* SwiftNews.swift */,
				BFCB225D23EC7A34002A2E61 /* Constants.swift */,
				BFCB227423ECFEC8002A2E61 /* RequestError.swift */,
			);
			path = Models;
			sourceTree = "<group>";
		};
		BFCB224723EB4620002A2E61 /* Views */ = {
			isa = PBXGroup;
			children = (
				BFCB224B23EB4C75002A2E61 /* TableViewCell.swift */,
				BFCB224C23EB4C75002A2E61 /* TableViewCell.xib */,
			);
			path = Views;
			sourceTree = "<group>";
		};
		BFCB224823EB462A002A2E61 /* Controllers */ = {
			isa = PBXGroup;
			children = (
				BFCB229F23EE0FEB002A2E61 /* Main.storyboard */,
				BFCB229D23EE0F6C002A2E61 /* MainViewController.swift */,
				BFCB226B23EC9CCC002A2E61 /* DetailArticleViewController.swift */,
				BFCB226A23EC9CCC002A2E61 /* DetailArticleViewController.xib */,
			);
			path = Controllers;
			sourceTree = "<group>";
		};
		BFCB229A23EDC126002A2E61 /* Utils */ = {
			isa = PBXGroup;
			children = (
				BFCB229B23EDC139002A2E61 /* AppUtils.swift */,
			);
			path = Utils;
			sourceTree = "<group>";
		};
		BFCB22A223EE2C3B002A2E61 /* Services */ = {
			isa = PBXGroup;
			children = (
				BFCB227923ED0B74002A2E61 /* DataProviderService.swift */,
				BFCB225123EB87B3002A2E61 /* DataFetcher.swift */,
				BFCB227B23ED11C3002A2E61 /* DataFetchProtocol.swift */,
			);
			path = Services;
			sourceTree = "<group>";
		};
/* End PBXGroup section */

/* Begin PBXNativeTarget section */
		BFC9353124FBCA5300892E55 /* WhiteLabelTest */ = {
			isa = PBXNativeTarget;
			buildConfigurationList = BFC9354524FBCA5600892E55 /* Build configuration list for PBXNativeTarget "WhiteLabelTest" */;
			buildPhases = (
				BFC9352E24FBCA5300892E55 /* Sources */,
				BFC9352F24FBCA5300892E55 /* Frameworks */,
				BFC9353024FBCA5300892E55 /* Resources */,
			);
			buildRules = (
			);
			dependencies = (
			);
			name = WhiteLabelTest;
			productName = WhiteLabelTest;
			productReference = BFC9353224FBCA5300892E55 /* WhiteLabelTest.app */;
			productType = "com.apple.product-type.application";
		};
		BFCB222023EB369D002A2E61 /* SwiftNewsCrawler */ = {
			isa = PBXNativeTarget;
			buildConfigurationList = BFCB224023EB36A1002A2E61 /* Build configuration list for PBXNativeTarget "SwiftNewsCrawler" */;
			buildPhases = (
				BFCB221D23EB369D002A2E61 /* Sources */,
				BFCB221E23EB369D002A2E61 /* Frameworks */,
				BFCB221F23EB369D002A2E61 /* Resources */,
			);
			buildRules = (
			);
			dependencies = (
			);
			name = SwiftNewsCrawler;
			productName = SwiftNewsCrawler;
			productReference = BFCB222123EB369D002A2E61 /* SwiftNewsCrawler.app */;
			productType = "com.apple.product-type.application";
		};
		BFCB223623EB36A1002A2E61 /* SwiftNewsCrawlerTests */ = {
			isa = PBXNativeTarget;
			buildConfigurationList = BFCB224323EB36A1002A2E61 /* Build configuration list for PBXNativeTarget "SwiftNewsCrawlerTests" */;
			buildPhases = (
				BFCB223323EB36A1002A2E61 /* Sources */,
				BFCB223423EB36A1002A2E61 /* Frameworks */,
				BFCB223523EB36A1002A2E61 /* Resources */,
			);
			buildRules = (
			);
			dependencies = (
				BFCB223923EB36A1002A2E61 /* PBXTargetDependency */,
			);
			name = SwiftNewsCrawlerTests;
			productName = SwiftNewsCrawlerTests;
			productReference = BFCB223723EB36A1002A2E61 /* SwiftNewsCrawlerTests.xctest */;
			productType = "com.apple.product-type.bundle.unit-test";
		};
/* End PBXNativeTarget section */

/* Begin PBXProject section */
		BFCB221923EB369D002A2E61 /* Project object */ = {
			isa = PBXProject;
			attributes = {
				LastSwiftUpdateCheck = 1160;
				LastUpgradeCheck = 1130;
				ORGANIZATIONNAME = "Rubaiyat Jahan Mumu";
				TargetAttributes = {
					BFC9353124FBCA5300892E55 = {
						CreatedOnToolsVersion = 11.6;
					};
					BFCB222023EB369D002A2E61 = {
						CreatedOnToolsVersion = 11.3.1;
					};
					BFCB223623EB36A1002A2E61 = {
						CreatedOnToolsVersion = 11.3.1;
						TestTargetID = BFCB222023EB369D002A2E61;
					};
				};
			};
			buildConfigurationList = BFCB221C23EB369D002A2E61 /* Build configuration list for PBXProject "SwiftNewsCrawler" */;
			compatibilityVersion = "Xcode 9.3";
			developmentRegion = en;
			hasScannedForEncodings = 0;
			knownRegions = (
				en,
				Base,
			);
			mainGroup = BFCB221823EB369D002A2E61;
			productRefGroup = BFCB222223EB369D002A2E61 /* Products */;
			projectDirPath = "";
			projectRoot = "";
			targets = (
				BFCB222023EB369D002A2E61 /* SwiftNewsCrawler */,
				BFCB223623EB36A1002A2E61 /* SwiftNewsCrawlerTests */,
				BFC9353124FBCA5300892E55 /* WhiteLabelTest */,
			);
		};
/* End PBXProject section */

/* Begin PBXResourcesBuildPhase section */
		BFC9353024FBCA5300892E55 /* Resources */ = {
			isa = PBXResourcesBuildPhase;
			buildActionMask = 2147483647;
			files = (
				BFC9354F24FBED2000892E55 /* TableViewCell.xib in Resources */,
				BFC9354D24FBED1800892E55 /* DetailArticleViewController.xib in Resources */,
				BFC9353E24FBCA5600892E55 /* Assets.xcassets in Resources */,
				BFC9355424FBED3100892E55 /* LaunchScreen.storyboard in Resources */,
				BFC9354A24FBED0C00892E55 /* Main.storyboard in Resources */,
			);
			runOnlyForDeploymentPostprocessing = 0;
		};
		BFCB221F23EB369D002A2E61 /* Resources */ = {
			isa = PBXResourcesBuildPhase;
			buildActionMask = 2147483647;
			files = (
				BFCB223123EB36A1002A2E61 /* LaunchScreen.storyboard in Resources */,
				BFCB22A123EE0FEB002A2E61 /* Main.storyboard in Resources */,
				BFCB226C23EC9CCC002A2E61 /* DetailArticleViewController.xib in Resources */,
				BFCB224E23EB4C75002A2E61 /* TableViewCell.xib in Resources */,
				BFCB222E23EB36A1002A2E61 /* Assets.xcassets in Resources */,
			);
			runOnlyForDeploymentPostprocessing = 0;
		};
		BFCB223523EB36A1002A2E61 /* Resources */ = {
			isa = PBXResourcesBuildPhase;
			buildActionMask = 2147483647;
			files = (
				BFCB229723EDA64F002A2E61 /* Resources in Resources */,
			);
			runOnlyForDeploymentPostprocessing = 0;
		};
/* End PBXResourcesBuildPhase section */

/* Begin PBXSourcesBuildPhase section */
		BFC9352E24FBCA5300892E55 /* Sources */ = {
			isa = PBXSourcesBuildPhase;
			buildActionMask = 2147483647;
			files = (
				BFC9354B24FBED0F00892E55 /* MainViewController.swift in Sources */,
				BFC9355124FBED2600892E55 /* Constants.swift in Sources */,
				BFC9354624FBECFC00892E55 /* DataProviderService.swift in Sources */,
				BFC9354E24FBED1C00892E55 /* TableViewCell.swift in Sources */,
				BFC9354824FBED0300892E55 /* DataFetchProtocol.swift in Sources */,
				BFC9354924FBED0600892E55 /* AppUtils.swift in Sources */,
				BFC9355024FBED2300892E55 /* SwiftNews.swift in Sources */,
				BFC9355324FBED2D00892E55 /* AppDelegate.swift in Sources */,
				BFC9355224FBED2900892E55 /* RequestError.swift in Sources */,
				BFC9354C24FBED1300892E55 /* DetailArticleViewController.swift in Sources */,
				BFC9354724FBED0000892E55 /* DataFetcher.swift in Sources */,
			);
			runOnlyForDeploymentPostprocessing = 0;
		};
		BFCB221D23EB369D002A2E61 /* Sources */ = {
			isa = PBXSourcesBuildPhase;
			buildActionMask = 2147483647;
			files = (
				BFCB227523ECFEC8002A2E61 /* RequestError.swift in Sources */,
				BFCB229E23EE0F6C002A2E61 /* MainViewController.swift in Sources */,
				BFCB227A23ED0B74002A2E61 /* DataProviderService.swift in Sources */,
				BFCB225223EB87B3002A2E61 /* DataFetcher.swift in Sources */,
				BFCB229C23EDC13A002A2E61 /* AppUtils.swift in Sources */,
				BFCB225023EB61DD002A2E61 /* SwiftNews.swift in Sources */,
				BFCB224D23EB4C75002A2E61 /* TableViewCell.swift in Sources */,
				BFCB226D23EC9CCC002A2E61 /* DetailArticleViewController.swift in Sources */,
				BFCB225E23EC7A34002A2E61 /* Constants.swift in Sources */,
				BFCB227C23ED11C3002A2E61 /* DataFetchProtocol.swift in Sources */,
				BFCB222523EB369D002A2E61 /* AppDelegate.swift in Sources */,
			);
			runOnlyForDeploymentPostprocessing = 0;
		};
		BFCB223323EB36A1002A2E61 /* Sources */ = {
			isa = PBXSourcesBuildPhase;
			buildActionMask = 2147483647;
			files = (
				BFCB227E23ED278F002A2E61 /* DataProviderServiceTest.swift in Sources */,
				BFCB227123ECC34C002A2E61 /* SwiftNewsModelTest.swift in Sources */,
				BFCB227323ECF798002A2E61 /* MockDataFetcher.swift in Sources */,
			);
			runOnlyForDeploymentPostprocessing = 0;
		};
/* End PBXSourcesBuildPhase section */

/* Begin PBXTargetDependency section */
		BFCB223923EB36A1002A2E61 /* PBXTargetDependency */ = {
			isa = PBXTargetDependency;
			target = BFCB222023EB369D002A2E61 /* SwiftNewsCrawler */;
			targetProxy = BFCB223823EB36A1002A2E61 /* PBXContainerItemProxy */;
		};
/* End PBXTargetDependency section */

/* Begin PBXVariantGroup section */
		BFCB222F23EB36A1002A2E61 /* LaunchScreen.storyboard */ = {
			isa = PBXVariantGroup;
			children = (
				BFCB223023EB36A1002A2E61 /* Base */,
			);
			name = LaunchScreen.storyboard;
			sourceTree = "<group>";
		};
		BFCB229F23EE0FEB002A2E61 /* Main.storyboard */ = {
			isa = PBXVariantGroup;
			children = (
				BFCB22A023EE0FEB002A2E61 /* Base */,
			);
			name = Main.storyboard;
			sourceTree = "<group>";
		};
/* End PBXVariantGroup section */

/* Begin XCBuildConfiguration section */
		BFC9354324FBCA5600892E55 /* Debug */ = {
			isa = XCBuildConfiguration;
			buildSettings = {
				ASSETCATALOG_COMPILER_APPICON_NAME = AppIcon;
				CODE_SIGN_STYLE = Automatic;
				INFOPLIST_FILE = WhiteLabelTest/Info.plist;
				IPHONEOS_DEPLOYMENT_TARGET = 12.0;
				LD_RUNPATH_SEARCH_PATHS = (
					"$(inherited)",
					"@executable_path/Frameworks",
				);
				PRODUCT_BUNDLE_IDENTIFIER = com.rubaiyat.WhiteLabelTest;
				PRODUCT_NAME = "$(TARGET_NAME)";
				SWIFT_VERSION = 5.0;
				TARGETED_DEVICE_FAMILY = "1,2";
			};
			name = Debug;
		};
		BFC9354424FBCA5600892E55 /* Release */ = {
			isa = XCBuildConfiguration;
			buildSettings = {
				ASSETCATALOG_COMPILER_APPICON_NAME = AppIcon;
				CODE_SIGN_STYLE = Automatic;
				INFOPLIST_FILE = WhiteLabelTest/Info.plist;
				IPHONEOS_DEPLOYMENT_TARGET = 12.0;
				LD_RUNPATH_SEARCH_PATHS = (
					"$(inherited)",
					"@executable_path/Frameworks",
				);
				PRODUCT_BUNDLE_IDENTIFIER = com.rubaiyat.WhiteLabelTest;
				PRODUCT_NAME = "$(TARGET_NAME)";
				SWIFT_VERSION = 5.0;
				TARGETED_DEVICE_FAMILY = "1,2";
			};
			name = Release;
		};
		BFCB223E23EB36A1002A2E61 /* Debug */ = {
			isa = XCBuildConfiguration;
			buildSettings = {
				ALWAYS_SEARCH_USER_PATHS = NO;
				CLANG_ANALYZER_NONNULL = YES;
				CLANG_ANALYZER_NUMBER_OBJECT_CONVERSION = YES_AGGRESSIVE;
				CLANG_CXX_LANGUAGE_STANDARD = "gnu++14";
				CLANG_CXX_LIBRARY = "libc++";
				CLANG_ENABLE_MODULES = YES;
				CLANG_ENABLE_OBJC_ARC = YES;
				CLANG_ENABLE_OBJC_WEAK = YES;
				CLANG_WARN_BLOCK_CAPTURE_AUTORELEASING = YES;
				CLANG_WARN_BOOL_CONVERSION = YES;
				CLANG_WARN_COMMA = YES;
				CLANG_WARN_CONSTANT_CONVERSION = YES;
				CLANG_WARN_DEPRECATED_OBJC_IMPLEMENTATIONS = YES;
				CLANG_WARN_DIRECT_OBJC_ISA_USAGE = YES_ERROR;
				CLANG_WARN_DOCUMENTATION_COMMENTS = YES;
				CLANG_WARN_EMPTY_BODY = YES;
				CLANG_WARN_ENUM_CONVERSION = YES;
				CLANG_WARN_INFINITE_RECURSION = YES;
				CLANG_WARN_INT_CONVERSION = YES;
				CLANG_WARN_NON_LITERAL_NULL_CONVERSION = YES;
				CLANG_WARN_OBJC_IMPLICIT_RETAIN_SELF = YES;
				CLANG_WARN_OBJC_LITERAL_CONVERSION = YES;
				CLANG_WARN_OBJC_ROOT_CLASS = YES_ERROR;
				CLANG_WARN_RANGE_LOOP_ANALYSIS = YES;
				CLANG_WARN_STRICT_PROTOTYPES = YES;
				CLANG_WARN_SUSPICIOUS_MOVE = YES;
				CLANG_WARN_UNGUARDED_AVAILABILITY = YES_AGGRESSIVE;
				CLANG_WARN_UNREACHABLE_CODE = YES;
				CLANG_WARN__DUPLICATE_METHOD_MATCH = YES;
				COPY_PHASE_STRIP = NO;
				DEBUG_INFORMATION_FORMAT = dwarf;
				ENABLE_STRICT_OBJC_MSGSEND = YES;
				ENABLE_TESTABILITY = YES;
				GCC_C_LANGUAGE_STANDARD = gnu11;
				GCC_DYNAMIC_NO_PIC = NO;
				GCC_NO_COMMON_BLOCKS = YES;
				GCC_OPTIMIZATION_LEVEL = 0;
				GCC_PREPROCESSOR_DEFINITIONS = (
					"DEBUG=1",
					"$(inherited)",
				);
				GCC_WARN_64_TO_32_BIT_CONVERSION = YES;
				GCC_WARN_ABOUT_RETURN_TYPE = YES_ERROR;
				GCC_WARN_UNDECLARED_SELECTOR = YES;
				GCC_WARN_UNINITIALIZED_AUTOS = YES_AGGRESSIVE;
				GCC_WARN_UNUSED_FUNCTION = YES;
				GCC_WARN_UNUSED_VARIABLE = YES;
				IPHONEOS_DEPLOYMENT_TARGET = 12.0;
				MTL_ENABLE_DEBUG_INFO = INCLUDE_SOURCE;
				MTL_FAST_MATH = YES;
				ONLY_ACTIVE_ARCH = YES;
				SDKROOT = iphoneos;
				SWIFT_ACTIVE_COMPILATION_CONDITIONS = DEBUG;
				SWIFT_OPTIMIZATION_LEVEL = "-Onone";
			};
			name = Debug;
		};
		BFCB223F23EB36A1002A2E61 /* Release */ = {
			isa = XCBuildConfiguration;
			buildSettings = {
				ALWAYS_SEARCH_USER_PATHS = NO;
				CLANG_ANALYZER_NONNULL = YES;
				CLANG_ANALYZER_NUMBER_OBJECT_CONVERSION = YES_AGGRESSIVE;
				CLANG_CXX_LANGUAGE_STANDARD = "gnu++14";
				CLANG_CXX_LIBRARY = "libc++";
				CLANG_ENABLE_MODULES = YES;
				CLANG_ENABLE_OBJC_ARC = YES;
				CLANG_ENABLE_OBJC_WEAK = YES;
				CLANG_WARN_BLOCK_CAPTURE_AUTORELEASING = YES;
				CLANG_WARN_BOOL_CONVERSION = YES;
				CLANG_WARN_COMMA = YES;
				CLANG_WARN_CONSTANT_CONVERSION = YES;
				CLANG_WARN_DEPRECATED_OBJC_IMPLEMENTATIONS = YES;
				CLANG_WARN_DIRECT_OBJC_ISA_USAGE = YES_ERROR;
				CLANG_WARN_DOCUMENTATION_COMMENTS = YES;
				CLANG_WARN_EMPTY_BODY = YES;
				CLANG_WARN_ENUM_CONVERSION = YES;
				CLANG_WARN_INFINITE_RECURSION = YES;
				CLANG_WARN_INT_CONVERSION = YES;
				CLANG_WARN_NON_LITERAL_NULL_CONVERSION = YES;
				CLANG_WARN_OBJC_IMPLICIT_RETAIN_SELF = YES;
				CLANG_WARN_OBJC_LITERAL_CONVERSION = YES;
				CLANG_WARN_OBJC_ROOT_CLASS = YES_ERROR;
				CLANG_WARN_RANGE_LOOP_ANALYSIS = YES;
				CLANG_WARN_STRICT_PROTOTYPES = YES;
				CLANG_WARN_SUSPICIOUS_MOVE = YES;
				CLANG_WARN_UNGUARDED_AVAILABILITY = YES_AGGRESSIVE;
				CLANG_WARN_UNREACHABLE_CODE = YES;
				CLANG_WARN__DUPLICATE_METHOD_MATCH = YES;
				COPY_PHASE_STRIP = NO;
				DEBUG_INFORMATION_FORMAT = "dwarf-with-dsym";
				ENABLE_NS_ASSERTIONS = NO;
				ENABLE_STRICT_OBJC_MSGSEND = YES;
				GCC_C_LANGUAGE_STANDARD = gnu11;
				GCC_NO_COMMON_BLOCKS = YES;
				GCC_WARN_64_TO_32_BIT_CONVERSION = YES;
				GCC_WARN_ABOUT_RETURN_TYPE = YES_ERROR;
				GCC_WARN_UNDECLARED_SELECTOR = YES;
				GCC_WARN_UNINITIALIZED_AUTOS = YES_AGGRESSIVE;
				GCC_WARN_UNUSED_FUNCTION = YES;
				GCC_WARN_UNUSED_VARIABLE = YES;
				IPHONEOS_DEPLOYMENT_TARGET = 12.0;
				MTL_ENABLE_DEBUG_INFO = NO;
				MTL_FAST_MATH = YES;
				SDKROOT = iphoneos;
				SWIFT_COMPILATION_MODE = wholemodule;
				SWIFT_OPTIMIZATION_LEVEL = "-O";
				VALIDATE_PRODUCT = YES;
			};
			name = Release;
		};
		BFCB224123EB36A1002A2E61 /* Debug */ = {
			isa = XCBuildConfiguration;
			buildSettings = {
				ASSETCATALOG_COMPILER_APPICON_NAME = AppIcon;
				CODE_SIGN_STYLE = Automatic;
				DEVELOPMENT_TEAM = "";
				INFOPLIST_FILE = SwiftNewsCrawler/Info.plist;
				IPHONEOS_DEPLOYMENT_TARGET = 12.0;
				LD_RUNPATH_SEARCH_PATHS = (
					"$(inherited)",
					"@executable_path/Frameworks",
				);
				PRODUCT_BUNDLE_IDENTIFIER = com.rubaiyat.SwiftNewsCrawler;
				PRODUCT_NAME = "$(TARGET_NAME)";
				SWIFT_VERSION = 5.0;
				TARGETED_DEVICE_FAMILY = "1,2";
			};
			name = Debug;
		};
		BFCB224223EB36A1002A2E61 /* Release */ = {
			isa = XCBuildConfiguration;
			buildSettings = {
				ASSETCATALOG_COMPILER_APPICON_NAME = AppIcon;
				CODE_SIGN_STYLE = Automatic;
				DEVELOPMENT_TEAM = "";
				INFOPLIST_FILE = SwiftNewsCrawler/Info.plist;
				IPHONEOS_DEPLOYMENT_TARGET = 12.0;
				LD_RUNPATH_SEARCH_PATHS = (
					"$(inherited)",
					"@executable_path/Frameworks",
				);
				PRODUCT_BUNDLE_IDENTIFIER = com.rubaiyat.SwiftNewsCrawler;
				PRODUCT_NAME = "$(TARGET_NAME)";
				SWIFT_VERSION = 5.0;
				TARGETED_DEVICE_FAMILY = "1,2";
			};
			name = Release;
		};
		BFCB224423EB36A1002A2E61 /* Debug */ = {
			isa = XCBuildConfiguration;
			buildSettings = {
				ALWAYS_EMBED_SWIFT_STANDARD_LIBRARIES = YES;
				BUNDLE_LOADER = "$(TEST_HOST)";
				CODE_SIGN_STYLE = Automatic;
				INFOPLIST_FILE = SwiftNewsCrawlerTests/Info.plist;
				IPHONEOS_DEPLOYMENT_TARGET = 12.0;
				LD_RUNPATH_SEARCH_PATHS = (
					"$(inherited)",
					"@executable_path/Frameworks",
					"@loader_path/Frameworks",
				);
				PRODUCT_BUNDLE_IDENTIFIER = com.rubaiyat.SwiftNewsCrawlerTests;
				PRODUCT_NAME = "$(TARGET_NAME)";
				SWIFT_VERSION = 5.0;
				TARGETED_DEVICE_FAMILY = "1,2";
				TEST_HOST = "$(BUILT_PRODUCTS_DIR)/SwiftNewsCrawler.app/SwiftNewsCrawler";
			};
			name = Debug;
		};
		BFCB224523EB36A1002A2E61 /* Release */ = {
			isa = XCBuildConfiguration;
			buildSettings = {
				ALWAYS_EMBED_SWIFT_STANDARD_LIBRARIES = YES;
				BUNDLE_LOADER = "$(TEST_HOST)";
				CODE_SIGN_STYLE = Automatic;
				INFOPLIST_FILE = SwiftNewsCrawlerTests/Info.plist;
				IPHONEOS_DEPLOYMENT_TARGET = 12.0;
				LD_RUNPATH_SEARCH_PATHS = (
					"$(inherited)",
					"@executable_path/Frameworks",
					"@loader_path/Frameworks",
				);
				PRODUCT_BUNDLE_IDENTIFIER = com.rubaiyat.SwiftNewsCrawlerTests;
				PRODUCT_NAME = "$(TARGET_NAME)";
				SWIFT_VERSION = 5.0;
				TARGETED_DEVICE_FAMILY = "1,2";
				TEST_HOST = "$(BUILT_PRODUCTS_DIR)/SwiftNewsCrawler.app/SwiftNewsCrawler";
			};
			name = Release;
		};
/* End XCBuildConfiguration section */

/* Begin XCConfigurationList section */
		BFC9354524FBCA5600892E55 /* Build configuration list for PBXNativeTarget "WhiteLabelTest" */ = {
			isa = XCConfigurationList;
			buildConfigurations = (
				BFC9354324FBCA5600892E55 /* Debug */,
				BFC9354424FBCA5600892E55 /* Release */,
			);
			defaultConfigurationIsVisible = 0;
			defaultConfigurationName = Release;
		};
		BFCB221C23EB369D002A2E61 /* Build configuration list for PBXProject "SwiftNewsCrawler" */ = {
			isa = XCConfigurationList;
			buildConfigurations = (
				BFCB223E23EB36A1002A2E61 /* Debug */,
				BFCB223F23EB36A1002A2E61 /* Release */,
			);
			defaultConfigurationIsVisible = 0;
			defaultConfigurationName = Release;
		};
		BFCB224023EB36A1002A2E61 /* Build configuration list for PBXNativeTarget "SwiftNewsCrawler" */ = {
			isa = XCConfigurationList;
			buildConfigurations = (
				BFCB224123EB36A1002A2E61 /* Debug */,
				BFCB224223EB36A1002A2E61 /* Release */,
			);
			defaultConfigurationIsVisible = 0;
			defaultConfigurationName = Release;
		};
		BFCB224323EB36A1002A2E61 /* Build configuration list for PBXNativeTarget "SwiftNewsCrawlerTests" */ = {
			isa = XCConfigurationList;
			buildConfigurations = (
				BFCB224423EB36A1002A2E61 /* Debug */,
				BFCB224523EB36A1002A2E61 /* Release */,
			);
			defaultConfigurationIsVisible = 0;
			defaultConfigurationName = Release;
		};
/* End XCConfigurationList section */
	};
	rootObject = BFCB221923EB369D002A2E61 /* Project object */;
}
