// !$*UTF8*$!
{
	archiveVersion = 1;
	classes = {
	};
	objectVersion = 50;
	objects = {

/* Begin PBXBuildFile section */
		BFCB222523EB369D002A2E61 /* AppDelegate.swift in Sources */ = {isa = PBXBuildFile; fileRef = BFCB222423EB369D002A2E61 /* AppDelegate.swift */; };
		BFCB222923EB369D002A2E61 /* MainViewController.swift in Sources */ = {isa = PBXBuildFile; fileRef = BFCB222823EB369D002A2E61 /* MainViewController.swift */; };
		BFCB222C23EB369D002A2E61 /* Main.storyboard in Resources */ = {isa = PBXBuildFile; fileRef = BFCB222A23EB369D002A2E61 /* Main.storyboard */; };
		BFCB222E23EB36A1002A2E61 /* Assets.xcassets in Resources */ = {isa = PBXBuildFile; fileRef = BFCB222D23EB36A1002A2E61 /* Assets.xcassets */; };
		BFCB223123EB36A1002A2E61 /* LaunchScreen.storyboard in Resources */ = {isa = PBXBuildFile; fileRef = BFCB222F23EB36A1002A2E61 /* LaunchScreen.storyboard */; };
		BFCB223C23EB36A1002A2E61 /* SwiftNewsCrawlerTests.swift in Sources */ = {isa = PBXBuildFile; fileRef = BFCB223B23EB36A1002A2E61 /* SwiftNewsCrawlerTests.swift */; };
		BFCB224D23EB4C75002A2E61 /* TableViewCell.swift in Sources */ = {isa = PBXBuildFile; fileRef = BFCB224B23EB4C75002A2E61 /* TableViewCell.swift */; };
		BFCB224E23EB4C75002A2E61 /* TableViewCell.xib in Resources */ = {isa = PBXBuildFile; fileRef = BFCB224C23EB4C75002A2E61 /* TableViewCell.xib */; };
		BFCB225023EB61DD002A2E61 /* SwiftNews.swift in Sources */ = {isa = PBXBuildFile; fileRef = BFCB224F23EB61DD002A2E61 /* SwiftNews.swift */; };
		BFCB225223EB87B3002A2E61 /* Network.swift in Sources */ = {isa = PBXBuildFile; fileRef = BFCB225123EB87B3002A2E61 /* Network.swift */; };
/* End PBXBuildFile section */

/* Begin PBXContainerItemProxy section */
		BFCB223823EB36A1002A2E61 /* PBXContainerItemProxy */ = {
			isa = PBXContainerItemProxy;
			containerPortal = BFCB221923EB369D002A2E61 /* Project object */;
			proxyType = 1;
			remoteGlobalIDString = BFCB222023EB369D002A2E61;
			remoteInfo = SwiftNewsCrawler;
		};
/* End PBXContainerItemProxy section */

/* Begin PBXFileReference section */
		BFCB222123EB369D002A2E61 /* SwiftNewsCrawler.app */ = {isa = PBXFileReference; explicitFileType = wrapper.application; includeInIndex = 0; path = SwiftNewsCrawler.app; sourceTree = BUILT_PRODUCTS_DIR; };
		BFCB222423EB369D002A2E61 /* AppDelegate.swift */ = {isa = PBXFileReference; lastKnownFileType = sourcecode.swift; path = AppDelegate.swift; sourceTree = "<group>"; };
		BFCB222823EB369D002A2E61 /* MainViewController.swift */ = {isa = PBXFileReference; lastKnownFileType = sourcecode.swift; path = MainViewController.swift; sourceTree = "<group>"; };
		BFCB222B23EB369D002A2E61 /* Base */ = {isa = PBXFileReference; lastKnownFileType = file.storyboard; name = Base; path = Base.lproj/Main.storyboard; sourceTree = "<group>"; };
		BFCB222D23EB36A1002A2E61 /* Assets.xcassets */ = {isa = PBXFileReference; lastKnownFileType = folder.assetcatalog; path = Assets.xcassets; sourceTree = "<group>"; };
		BFCB223023EB36A1002A2E61 /* Base */ = {isa = PBXFileReference; lastKnownFileType = file.storyboard; name = Base; path = Base.lproj/LaunchScreen.storyboard; sourceTree = "<group>"; };
		BFCB223223EB36A1002A2E61 /* Info.plist */ = {isa = PBXFileReference; lastKnownFileType = text.plist.xml; path = Info.plist; sourceTree = "<group>"; };
		BFCB223723EB36A1002A2E61 /* SwiftNewsCrawlerTests.xctest */ = {isa = PBXFileReference; explicitFileType = wrapper.cfbundle; includeInIndex = 0; path = SwiftNewsCrawlerTests.xctest; sourceTree = BUILT_PRODUCTS_DIR; };
		BFCB223B23EB36A1002A2E61 /* SwiftNewsCrawlerTests.swift */ = {isa = PBXFileReference; lastKnownFileType = sourcecode.swift; path = SwiftNewsCrawlerTests.swift; sourceTree = "<group>"; };
		BFCB223D23EB36A1002A2E61 /* Info.plist */ = {isa = PBXFileReference; lastKnownFileType = text.plist.xml; path = Info.plist; sourceTree = "<group>"; };
		BFCB224B23EB4C75002A2E61 /* TableViewCell.swift */ = {isa = PBXFileReference; lastKnownFileType = sourcecode.swift; path = TableViewCell.swift; sourceTree = "<group>"; };
		BFCB224C23EB4C75002A2E61 /* TableViewCell.xib */ = {isa = PBXFileReference; lastKnownFileType = file.xib; path = TableViewCell.xib; sourceTree = "<group>"; };
		BFCB224F23EB61DD002A2E61 /* SwiftNews.swift */ = {isa = PBXFileReference; lastKnownFileType = sourcecode.swift; path = SwiftNews.swift; sourceTree = "<group>"; };
		BFCB225123EB87B3002A2E61 /* Network.swift */ = {isa = PBXFileReference; lastKnownFileType = sourcecode.swift; path = Network.swift; sourceTree = "<group>"; };
/* End PBXFileReference section */

/* Begin PBXFrameworksBuildPhase section */
		BFCB221E23EB369D002A2E61 /* Frameworks */ = {
			isa = PBXFrameworksBuildPhase;
			buildActionMask = 2147483647;
			files = (
			);
			runOnlyForDeploymentPostprocessing = 0;
		};
		BFCB223423EB36A1002A2E61 /* Frameworks */ = {
			isa = PBXFrameworksBuildPhase;
			buildActionMask = 2147483647;
			files = (
			);
			runOnlyForDeploymentPostprocessing = 0;
		};
/* End PBXFrameworksBuildPhase section */

/* Begin PBXGroup section */
		BFCB221823EB369D002A2E61 = {
			isa = PBXGroup;
			children = (
				BFCB222323EB369D002A2E61 /* SwiftNewsCrawler */,
				BFCB223A23EB36A1002A2E61 /* SwiftNewsCrawlerTests */,
				BFCB222223EB369D002A2E61 /* Products */,
			);
			sourceTree = "<group>";
		};
		BFCB222223EB369D002A2E61 /* Products */ = {
			isa = PBXGroup;
			children = (
				BFCB222123EB369D002A2E61 /* SwiftNewsCrawler.app */,
				BFCB223723EB36A1002A2E61 /* SwiftNewsCrawlerTests.xctest */,
			);
			name = Products;
			sourceTree = "<group>";
		};
		BFCB222323EB369D002A2E61 /* SwiftNewsCrawler */ = {
			isa = PBXGroup;
			children = (
				BFCB224823EB462A002A2E61 /* Controllers */,
				BFCB224723EB4620002A2E61 /* Views */,
				BFCB224623EB460E002A2E61 /* Models */,
				BFCB222423EB369D002A2E61 /* AppDelegate.swift */,
				BFCB222823EB369D002A2E61 /* MainViewController.swift */,
				BFCB222A23EB369D002A2E61 /* Main.storyboard */,
				BFCB222D23EB36A1002A2E61 /* Assets.xcassets */,
				BFCB222F23EB36A1002A2E61 /* LaunchScreen.storyboard */,
				BFCB223223EB36A1002A2E61 /* Info.plist */,
			);
			path = SwiftNewsCrawler;
			sourceTree = "<group>";
		};
		BFCB223A23EB36A1002A2E61 /* SwiftNewsCrawlerTests */ = {
			isa = PBXGroup;
			children = (
				BFCB223B23EB36A1002A2E61 /* SwiftNewsCrawlerTests.swift */,
				BFCB223D23EB36A1002A2E61 /* Info.plist */,
			);
			path = SwiftNewsCrawlerTests;
			sourceTree = "<group>";
		};
		BFCB224623EB460E002A2E61 /* Models */ = {
			isa = PBXGroup;
			children = (
				BFCB224F23EB61DD002A2E61 /* SwiftNews.swift */,
				BFCB225123EB87B3002A2E61 /* Network.swift */,
			);
			path = Models;
			sourceTree = "<group>";
		};
		BFCB224723EB4620002A2E61 /* Views */ = {
			isa = PBXGroup;
			children = (
				BFCB224B23EB4C75002A2E61 /* TableViewCell.swift */,
				BFCB224C23EB4C75002A2E61 /* TableViewCell.xib */,
			);
			path = Views;
			sourceTree = "<group>";
		};
		BFCB224823EB462A002A2E61 /* Controllers */ = {
			isa = PBXGroup;
			children = (
			);
			path = Controllers;
			sourceTree = "<group>";
		};
/* End PBXGroup section */

/* Begin PBXNativeTarget section */
		BFCB222023EB369D002A2E61 /* SwiftNewsCrawler */ = {
			isa = PBXNativeTarget;
			buildConfigurationList = BFCB224023EB36A1002A2E61 /* Build configuration list for PBXNativeTarget "SwiftNewsCrawler" */;
			buildPhases = (
				BFCB221D23EB369D002A2E61 /* Sources */,
				BFCB221E23EB369D002A2E61 /* Frameworks */,
				BFCB221F23EB369D002A2E61 /* Resources */,
			);
			buildRules = (
			);
			dependencies = (
			);
			name = SwiftNewsCrawler;
			productName = SwiftNewsCrawler;
			productReference = BFCB222123EB369D002A2E61 /* SwiftNewsCrawler.app */;
			productType = "com.apple.product-type.application";
		};
		BFCB223623EB36A1002A2E61 /* SwiftNewsCrawlerTests */ = {
			isa = PBXNativeTarget;
			buildConfigurationList = BFCB224323EB36A1002A2E61 /* Build configuration list for PBXNativeTarget "SwiftNewsCrawlerTests" */;
			buildPhases = (
				BFCB223323EB36A1002A2E61 /* Sources */,
				BFCB223423EB36A1002A2E61 /* Frameworks */,
				BFCB223523EB36A1002A2E61 /* Resources */,
			);
			buildRules = (
			);
			dependencies = (
				BFCB223923EB36A1002A2E61 /* PBXTargetDependency */,
			);
			name = SwiftNewsCrawlerTests;
			productName = SwiftNewsCrawlerTests;
			productReference = BFCB223723EB36A1002A2E61 /* SwiftNewsCrawlerTests.xctest */;
			productType = "com.apple.product-type.bundle.unit-test";
		};
/* End PBXNativeTarget section */

/* Begin PBXProject section */
		BFCB221923EB369D002A2E61 /* Project object */ = {
			isa = PBXProject;
			attributes = {
				LastSwiftUpdateCheck = 1130;
				LastUpgradeCheck = 1130;
				ORGANIZATIONNAME = "Rubaiyat Jahan Mumu";
				TargetAttributes = {
					BFCB222023EB369D002A2E61 = {
						CreatedOnToolsVersion = 11.3.1;
					};
					BFCB223623EB36A1002A2E61 = {
						CreatedOnToolsVersion = 11.3.1;
						TestTargetID = BFCB222023EB369D002A2E61;
					};
				};
			};
			buildConfigurationList = BFCB221C23EB369D002A2E61 /* Build configuration list for PBXProject "SwiftNewsCrawler" */;
			compatibilityVersion = "Xcode 9.3";
			developmentRegion = en;
			hasScannedForEncodings = 0;
			knownRegions = (
				en,
				Base,
			);
			mainGroup = BFCB221823EB369D002A2E61;
			productRefGroup = BFCB222223EB369D002A2E61 /* Products */;
			projectDirPath = "";
			projectRoot = "";
			targets = (
				BFCB222023EB369D002A2E61 /* SwiftNewsCrawler */,
				BFCB223623EB36A1002A2E61 /* SwiftNewsCrawlerTests */,
			);
		};
/* End PBXProject section */

/* Begin PBXResourcesBuildPhase section */
		BFCB221F23EB369D002A2E61 /* Resources */ = {
			isa = PBXResourcesBuildPhase;
			buildActionMask = 2147483647;
			files = (
				BFCB223123EB36A1002A2E61 /* LaunchScreen.storyboard in Resources */,
				BFCB224E23EB4C75002A2E61 /* TableViewCell.xib in Resources */,
				BFCB222E23EB36A1002A2E61 /* Assets.xcassets in Resources */,
				BFCB222C23EB369D002A2E61 /* Main.storyboard in Resources */,
			);
			runOnlyForDeploymentPostprocessing = 0;
		};
		BFCB223523EB36A1002A2E61 /* Resources */ = {
			isa = PBXResourcesBuildPhase;
			buildActionMask = 2147483647;
			files = (
			);
			runOnlyForDeploymentPostprocessing = 0;
		};
/* End PBXResourcesBuildPhase section */

/* Begin PBXSourcesBuildPhase section */
		BFCB221D23EB369D002A2E61 /* Sources */ = {
			isa = PBXSourcesBuildPhase;
			buildActionMask = 2147483647;
			files = (
				BFCB225223EB87B3002A2E61 /* Network.swift in Sources */,
				BFCB225023EB61DD002A2E61 /* SwiftNews.swift in Sources */,
				BFCB224D23EB4C75002A2E61 /* TableViewCell.swift in Sources */,
				BFCB222923EB369D002A2E61 /* MainViewController.swift in Sources */,
				BFCB222523EB369D002A2E61 /* AppDelegate.swift in Sources */,
			);
			runOnlyForDeploymentPostprocessing = 0;
		};
		BFCB223323EB36A1002A2E61 /* Sources */ = {
			isa = PBXSourcesBuildPhase;
			buildActionMask = 2147483647;
			files = (
				BFCB223C23EB36A1002A2E61 /* SwiftNewsCrawlerTests.swift in Sources */,
			);
			runOnlyForDeploymentPostprocessing = 0;
		};
/* End PBXSourcesBuildPhase section */

/* Begin PBXTargetDependency section */
		BFCB223923EB36A1002A2E61 /* PBXTargetDependency */ = {
			isa = PBXTargetDependency;
			target = BFCB222023EB369D002A2E61 /* SwiftNewsCrawler */;
			targetProxy = BFCB223823EB36A1002A2E61 /* PBXContainerItemProxy */;
		};
/* End PBXTargetDependency section */

/* Begin PBXVariantGroup section */
		BFCB222A23EB369D002A2E61 /* Main.storyboard */ = {
			isa = PBXVariantGroup;
			children = (
				BFCB222B23EB369D002A2E61 /* Base */,
			);
			name = Main.storyboard;
			sourceTree = "<group>";
		};
		BFCB222F23EB36A1002A2E61 /* LaunchScreen.storyboard */ = {
			isa = PBXVariantGroup;
			children = (
				BFCB223023EB36A1002A2E61 /* Base */,
			);
			name = LaunchScreen.storyboard;
			sourceTree = "<group>";
		};
/* End PBXVariantGroup section */

/* Begin XCBuildConfiguration section */
		BFCB223E23EB36A1002A2E61 /* Debug */ = {
			isa = XCBuildConfiguration;
			buildSettings = {
				ALWAYS_SEARCH_USER_PATHS = NO;
				CLANG_ANALYZER_NONNULL = YES;
				CLANG_ANALYZER_NUMBER_OBJECT_CONVERSION = YES_AGGRESSIVE;
				CLANG_CXX_LANGUAGE_STANDARD = "gnu++14";
				CLANG_CXX_LIBRARY = "libc++";
				CLANG_ENABLE_MODULES = YES;
				CLANG_ENABLE_OBJC_ARC = YES;
				CLANG_ENABLE_OBJC_WEAK = YES;
				CLANG_WARN_BLOCK_CAPTURE_AUTORELEASING = YES;
				CLANG_WARN_BOOL_CONVERSION = YES;
				CLANG_WARN_COMMA = YES;
				CLANG_WARN_CONSTANT_CONVERSION = YES;
				CLANG_WARN_DEPRECATED_OBJC_IMPLEMENTATIONS = YES;
				CLANG_WARN_DIRECT_OBJC_ISA_USAGE = YES_ERROR;
				CLANG_WARN_DOCUMENTATION_COMMENTS = YES;
				CLANG_WARN_EMPTY_BODY = YES;
				CLANG_WARN_ENUM_CONVERSION = YES;
				CLANG_WARN_INFINITE_RECURSION = YES;
				CLANG_WARN_INT_CONVERSION = YES;
				CLANG_WARN_NON_LITERAL_NULL_CONVERSION = YES;
				CLANG_WARN_OBJC_IMPLICIT_RETAIN_SELF = YES;
				CLANG_WARN_OBJC_LITERAL_CONVERSION = YES;
				CLANG_WARN_OBJC_ROOT_CLASS = YES_ERROR;
				CLANG_WARN_RANGE_LOOP_ANALYSIS = YES;
				CLANG_WARN_STRICT_PROTOTYPES = YES;
				CLANG_WARN_SUSPICIOUS_MOVE = YES;
				CLANG_WARN_UNGUARDED_AVAILABILITY = YES_AGGRESSIVE;
				CLANG_WARN_UNREACHABLE_CODE = YES;
				CLANG_WARN__DUPLICATE_METHOD_MATCH = YES;
				COPY_PHASE_STRIP = NO;
				DEBUG_INFORMATION_FORMAT = dwarf;
				ENABLE_STRICT_OBJC_MSGSEND = YES;
				ENABLE_TESTABILITY = YES;
				GCC_C_LANGUAGE_STANDARD = gnu11;
				GCC_DYNAMIC_NO_PIC = NO;
				GCC_NO_COMMON_BLOCKS = YES;
				GCC_OPTIMIZATION_LEVEL = 0;
				GCC_PREPROCESSOR_DEFINITIONS = (
					"DEBUG=1",
					"$(inherited)",
				);
				GCC_WARN_64_TO_32_BIT_CONVERSION = YES;
				GCC_WARN_ABOUT_RETURN_TYPE = YES_ERROR;
				GCC_WARN_UNDECLARED_SELECTOR = YES;
				GCC_WARN_UNINITIALIZED_AUTOS = YES_AGGRESSIVE;
				GCC_WARN_UNUSED_FUNCTION = YES;
				GCC_WARN_UNUSED_VARIABLE = YES;
				IPHONEOS_DEPLOYMENT_TARGET = 13.2;
				MTL_ENABLE_DEBUG_INFO = INCLUDE_SOURCE;
				MTL_FAST_MATH = YES;
				ONLY_ACTIVE_ARCH = YES;
				SDKROOT = iphoneos;
				SWIFT_ACTIVE_COMPILATION_CONDITIONS = DEBUG;
				SWIFT_OPTIMIZATION_LEVEL = "-Onone";
			};
			name = Debug;
		};
		BFCB223F23EB36A1002A2E61 /* Release */ = {
			isa = XCBuildConfiguration;
			buildSettings = {
				ALWAYS_SEARCH_USER_PATHS = NO;
				CLANG_ANALYZER_NONNULL = YES;
				CLANG_ANALYZER_NUMBER_OBJECT_CONVERSION = YES_AGGRESSIVE;
				CLANG_CXX_LANGUAGE_STANDARD = "gnu++14";
				CLANG_CXX_LIBRARY = "libc++";
				CLANG_ENABLE_MODULES = YES;
				CLANG_ENABLE_OBJC_ARC = YES;
				CLANG_ENABLE_OBJC_WEAK = YES;
				CLANG_WARN_BLOCK_CAPTURE_AUTORELEASING = YES;
				CLANG_WARN_BOOL_CONVERSION = YES;
				CLANG_WARN_COMMA = YES;
				CLANG_WARN_CONSTANT_CONVERSION = YES;
				CLANG_WARN_DEPRECATED_OBJC_IMPLEMENTATIONS = YES;
				CLANG_WARN_DIRECT_OBJC_ISA_USAGE = YES_ERROR;
				CLANG_WARN_DOCUMENTATION_COMMENTS = YES;
				CLANG_WARN_EMPTY_BODY = YES;
				CLANG_WARN_ENUM_CONVERSION = YES;
				CLANG_WARN_INFINITE_RECURSION = YES;
				CLANG_WARN_INT_CONVERSION = YES;
				CLANG_WARN_NON_LITERAL_NULL_CONVERSION = YES;
				CLANG_WARN_OBJC_IMPLICIT_RETAIN_SELF = YES;
				CLANG_WARN_OBJC_LITERAL_CONVERSION = YES;
				CLANG_WARN_OBJC_ROOT_CLASS = YES_ERROR;
				CLANG_WARN_RANGE_LOOP_ANALYSIS = YES;
				CLANG_WARN_STRICT_PROTOTYPES = YES;
				CLANG_WARN_SUSPICIOUS_MOVE = YES;
				CLANG_WARN_UNGUARDED_AVAILABILITY = YES_AGGRESSIVE;
				CLANG_WARN_UNREACHABLE_CODE = YES;
				CLANG_WARN__DUPLICATE_METHOD_MATCH = YES;
				COPY_PHASE_STRIP = NO;
				DEBUG_INFORMATION_FORMAT = "dwarf-with-dsym";
				ENABLE_NS_ASSERTIONS = NO;
				ENABLE_STRICT_OBJC_MSGSEND = YES;
				GCC_C_LANGUAGE_STANDARD = gnu11;
				GCC_NO_COMMON_BLOCKS = YES;
				GCC_WARN_64_TO_32_BIT_CONVERSION = YES;
				GCC_WARN_ABOUT_RETURN_TYPE = YES_ERROR;
				GCC_WARN_UNDECLARED_SELECTOR = YES;
				GCC_WARN_UNINITIALIZED_AUTOS = YES_AGGRESSIVE;
				GCC_WARN_UNUSED_FUNCTION = YES;
				GCC_WARN_UNUSED_VARIABLE = YES;
				IPHONEOS_DEPLOYMENT_TARGET = 13.2;
				MTL_ENABLE_DEBUG_INFO = NO;
				MTL_FAST_MATH = YES;
				SDKROOT = iphoneos;
				SWIFT_COMPILATION_MODE = wholemodule;
				SWIFT_OPTIMIZATION_LEVEL = "-O";
				VALIDATE_PRODUCT = YES;
			};
			name = Release;
		};
		BFCB224123EB36A1002A2E61 /* Debug */ = {
			isa = XCBuildConfiguration;
			buildSettings = {
				ASSETCATALOG_COMPILER_APPICON_NAME = AppIcon;
				CODE_SIGN_STYLE = Automatic;
				INFOPLIST_FILE = SwiftNewsCrawler/Info.plist;
				LD_RUNPATH_SEARCH_PATHS = (
					"$(inherited)",
					"@executable_path/Frameworks",
				);
				PRODUCT_BUNDLE_IDENTIFIER = com.rubaiyat.SwiftNewsCrawler;
				PRODUCT_NAME = "$(TARGET_NAME)";
				SWIFT_VERSION = 5.0;
				TARGETED_DEVICE_FAMILY = "1,2";
			};
			name = Debug;
		};
		BFCB224223EB36A1002A2E61 /* Release */ = {
			isa = XCBuildConfiguration;
			buildSettings = {
				ASSETCATALOG_COMPILER_APPICON_NAME = AppIcon;
				CODE_SIGN_STYLE = Automatic;
				INFOPLIST_FILE = SwiftNewsCrawler/Info.plist;
				LD_RUNPATH_SEARCH_PATHS = (
					"$(inherited)",
					"@executable_path/Frameworks",
				);
				PRODUCT_BUNDLE_IDENTIFIER = com.rubaiyat.SwiftNewsCrawler;
				PRODUCT_NAME = "$(TARGET_NAME)";
				SWIFT_VERSION = 5.0;
				TARGETED_DEVICE_FAMILY = "1,2";
			};
			name = Release;
		};
		BFCB224423EB36A1002A2E61 /* Debug */ = {
			isa = XCBuildConfiguration;
			buildSettings = {
				ALWAYS_EMBED_SWIFT_STANDARD_LIBRARIES = YES;
				BUNDLE_LOADER = "$(TEST_HOST)";
				CODE_SIGN_STYLE = Automatic;
				INFOPLIST_FILE = SwiftNewsCrawlerTests/Info.plist;
				IPHONEOS_DEPLOYMENT_TARGET = 13.2;
				LD_RUNPATH_SEARCH_PATHS = (
					"$(inherited)",
					"@executable_path/Frameworks",
					"@loader_path/Frameworks",
				);
				PRODUCT_BUNDLE_IDENTIFIER = com.rubaiyat.SwiftNewsCrawlerTests;
				PRODUCT_NAME = "$(TARGET_NAME)";
				SWIFT_VERSION = 5.0;
				TARGETED_DEVICE_FAMILY = "1,2";
				TEST_HOST = "$(BUILT_PRODUCTS_DIR)/SwiftNewsCrawler.app/SwiftNewsCrawler";
			};
			name = Debug;
		};
		BFCB224523EB36A1002A2E61 /* Release */ = {
			isa = XCBuildConfiguration;
			buildSettings = {
				ALWAYS_EMBED_SWIFT_STANDARD_LIBRARIES = YES;
				BUNDLE_LOADER = "$(TEST_HOST)";
				CODE_SIGN_STYLE = Automatic;
				INFOPLIST_FILE = SwiftNewsCrawlerTests/Info.plist;
				IPHONEOS_DEPLOYMENT_TARGET = 13.2;
				LD_RUNPATH_SEARCH_PATHS = (
					"$(inherited)",
					"@executable_path/Frameworks",
					"@loader_path/Frameworks",
				);
				PRODUCT_BUNDLE_IDENTIFIER = com.rubaiyat.SwiftNewsCrawlerTests;
				PRODUCT_NAME = "$(TARGET_NAME)";
				SWIFT_VERSION = 5.0;
				TARGETED_DEVICE_FAMILY = "1,2";
				TEST_HOST = "$(BUILT_PRODUCTS_DIR)/SwiftNewsCrawler.app/SwiftNewsCrawler";
			};
			name = Release;
		};
/* End XCBuildConfiguration section */

/* Begin XCConfigurationList section */
		BFCB221C23EB369D002A2E61 /* Build configuration list for PBXProject "SwiftNewsCrawler" */ = {
			isa = XCConfigurationList;
			buildConfigurations = (
				BFCB223E23EB36A1002A2E61 /* Debug */,
				BFCB223F23EB36A1002A2E61 /* Release */,
			);
			defaultConfigurationIsVisible = 0;
			defaultConfigurationName = Release;
		};
		BFCB224023EB36A1002A2E61 /* Build configuration list for PBXNativeTarget "SwiftNewsCrawler" */ = {
			isa = XCConfigurationList;
			buildConfigurations = (
				BFCB224123EB36A1002A2E61 /* Debug */,
				BFCB224223EB36A1002A2E61 /* Release */,
			);
			defaultConfigurationIsVisible = 0;
			defaultConfigurationName = Release;
		};
		BFCB224323EB36A1002A2E61 /* Build configuration list for PBXNativeTarget "SwiftNewsCrawlerTests" */ = {
			isa = XCConfigurationList;
			buildConfigurations = (
				BFCB224423EB36A1002A2E61 /* Debug */,
				BFCB224523EB36A1002A2E61 /* Release */,
			);
			defaultConfigurationIsVisible = 0;
			defaultConfigurationName = Release;
		};
/* End XCConfigurationList section */
	};
	rootObject = BFCB221923EB369D002A2E61 /* Project object */;
}
